
Microsoft Visual Studio Solution File, Format Version 12.00
# Visual Studio Version 16
VisualStudioVersion = 16.0.29609.76
MinimumVisualStudioVersion = 10.0.40219.1
Project("{8BC9CEB8-8B4A-11D0-8D11-00A0C91BC942}") = "32bitmask_to_float", "32bitmask_to_float.vcxproj", "{B7A6654E-6465-4301-9A91-F383054D0BDE}"
EndProject
Global
	GlobalSection(SolutionConfigurationPlatforms) = preSolution
		Debug|x64 = Debug|x64
		Release|x64 = Release|x64
	EndGlobalSection
	GlobalSection(ProjectConfigurationPlatforms) = postSolution
		{B7A6654E-6465-4301-9A91-F383054D0BDE}.Debug|x64.ActiveCfg = Debug|x64
		{B7A6654E-6465-4301-9A91-F383054D0BDE}.Debug|x64.Build.0 = Debug|x64
		{B7A6654E-6465-4301-9A91-F383054D0BDE}.Release|x64.ActiveCfg = Release|x64
		{B7A6654E-6465-4301-9A91-F383054D0BDE}.Release|x64.Build.0 = Release|x64
	EndGlobalSection
	GlobalSection(SolutionProperties) = preSolution
		HideSolutionNode = FALSE
	EndGlobalSection
	GlobalSection(ExtensibilityGlobals) = postSolution
		SolutionGuid = {60CD3EC4-0A62-4030-8EC2-B4B6EB1B18B3}
	EndGlobalSection
EndGlobal
